
Microsoft Visual Studio Solution File, Format Version 12.00
# Visual Studio Version 16
VisualStudioVersion = 16.0.30104.148
MinimumVisualStudioVersion = 10.0.40219.1
Project("{FAE04EC0-301F-11D3-BF4B-00C04F79EFBC}") = "RandoPlus", "RandoPlus\RandoPlus.csproj", "{6B091FCD-F844-4858-B61C-74C86E6CD747}"
EndProject
Global
	GlobalSection(SolutionConfigurationPlatforms) = preSolution
		Debug|Any CPU = Debug|Any CPU
		Release|Any CPU = Release|Any CPU
	EndGlobalSection
	GlobalSection(ProjectConfigurationPlatforms) = postSolution
		{6B091FCD-F844-4858-B61C-74C86E6CD747}.Debug|Any CPU.ActiveCfg = Debug|Any CPU
		{6B091FCD-F844-4858-B61C-74C86E6CD747}.Debug|Any CPU.Build.0 = Debug|Any CPU
		{6B091FCD-F844-4858-B61C-74C86E6CD747}.Release|Any CPU.ActiveCfg = Release|Any CPU
		{6B091FCD-F844-4858-B61C-74C86E6CD747}.Release|Any CPU.Build.0 = Release|Any CPU
	EndGlobalSection
	GlobalSection(SolutionProperties) = preSolution
		HideSolutionNode = FALSE
	EndGlobalSection
	GlobalSection(ExtensibilityGlobals) = postSolution
		SolutionGuid = {5F4DED93-DB3E-4DBD-9750-B9785492C951}
	EndGlobalSection
EndGlobal
